// !$*UTF8*$!
{
	archiveVersion = 1;
	classes = {
	};
	objectVersion = 46;
	objects = {

/* Begin PBXBuildFile section */
		95AD1B5C199C402A001F4202 /* Foundation.framework in Frameworks */ = {isa = PBXBuildFile; fileRef = 95AD1B5B199C402A001F4202 /* Foundation.framework */; };
		95AD1B5E199C402A001F4202 /* CoreGraphics.framework in Frameworks */ = {isa = PBXBuildFile; fileRef = 95AD1B5D199C402A001F4202 /* CoreGraphics.framework */; };
		95AD1B60199C402A001F4202 /* UIKit.framework in Frameworks */ = {isa = PBXBuildFile; fileRef = 95AD1B5F199C402A001F4202 /* UIKit.framework */; };
		95AD1B66199C402A001F4202 /* InfoPlist.strings in Resources */ = {isa = PBXBuildFile; fileRef = 95AD1B64199C402A001F4202 /* InfoPlist.strings */; };
		95AD1B68199C402A001F4202 /* main.m in Sources */ = {isa = PBXBuildFile; fileRef = 95AD1B67199C402A001F4202 /* main.m */; };
		95AD1B6C199C402A001F4202 /* MYLAppDelegate.m in Sources */ = {isa = PBXBuildFile; fileRef = 95AD1B6B199C402A001F4202 /* MYLAppDelegate.m */; };
		95AD1B6F199C402A001F4202 /* Main.storyboard in Resources */ = {isa = PBXBuildFile; fileRef = 95AD1B6D199C402A001F4202 /* Main.storyboard */; };
		95AD1B72199C402A001F4202 /* MYLBeaconListViewController.m in Sources */ = {isa = PBXBuildFile; fileRef = 95AD1B71199C402A001F4202 /* MYLBeaconListViewController.m */; };
		95AD1B74199C402A001F4202 /* Images.xcassets in Resources */ = {isa = PBXBuildFile; fileRef = 95AD1B73199C402A001F4202 /* Images.xcassets */; };
		95AD1B7B199C402A001F4202 /* XCTest.framework in Frameworks */ = {isa = PBXBuildFile; fileRef = 95AD1B7A199C402A001F4202 /* XCTest.framework */; };
		95AD1B7C199C402A001F4202 /* Foundation.framework in Frameworks */ = {isa = PBXBuildFile; fileRef = 95AD1B5B199C402A001F4202 /* Foundation.framework */; };
		95AD1B7D199C402A001F4202 /* UIKit.framework in Frameworks */ = {isa = PBXBuildFile; fileRef = 95AD1B5F199C402A001F4202 /* UIKit.framework */; };
		95AD1B85199C402A001F4202 /* InfoPlist.strings in Resources */ = {isa = PBXBuildFile; fileRef = 95AD1B83199C402A001F4202 /* InfoPlist.strings */; };
		95AD1B87199C402A001F4202 /* HelloEstimotoTests.m in Sources */ = {isa = PBXBuildFile; fileRef = 95AD1B86199C402A001F4202 /* HelloEstimotoTests.m */; };
		95AD1B91199C4151001F4202 /* libEstimoteSDK.a in Frameworks */ = {isa = PBXBuildFile; fileRef = 95AD1B90199C4151001F4202 /* libEstimoteSDK.a */; };
/* End PBXBuildFile section */

/* Begin PBXContainerItemProxy section */
		95AD1B7E199C402A001F4202 /* PBXContainerItemProxy */ = {
			isa = PBXContainerItemProxy;
			containerPortal = 95AD1B50199C402A001F4202 /* Project object */;
			proxyType = 1;
			remoteGlobalIDString = 95AD1B57199C402A001F4202;
			remoteInfo = HelloEstimoto;
		};
/* End PBXContainerItemProxy section */

/* Begin PBXFileReference section */
		95AD1B58199C402A001F4202 /* HelloEstimoto.app */ = {isa = PBXFileReference; explicitFileType = wrapper.application; includeInIndex = 0; path = HelloEstimoto.app; sourceTree = BUILT_PRODUCTS_DIR; };
		95AD1B5B199C402A001F4202 /* Foundation.framework */ = {isa = PBXFileReference; lastKnownFileType = wrapper.framework; name = Foundation.framework; path = System/Library/Frameworks/Foundation.framework; sourceTree = SDKROOT; };
		95AD1B5D199C402A001F4202 /* CoreGraphics.framework */ = {isa = PBXFileReference; lastKnownFileType = wrapper.framework; name = CoreGraphics.framework; path = System/Library/Frameworks/CoreGraphics.framework; sourceTree = SDKROOT; };
		95AD1B5F199C402A001F4202 /* UIKit.framework */ = {isa = PBXFileReference; lastKnownFileType = wrapper.framework; name = UIKit.framework; path = System/Library/Frameworks/UIKit.framework; sourceTree = SDKROOT; };
		95AD1B63199C402A001F4202 /* HelloEstimoto-Info.plist */ = {isa = PBXFileReference; lastKnownFileType = text.plist.xml; path = "HelloEstimoto-Info.plist"; sourceTree = "<group>"; };
		95AD1B65199C402A001F4202 /* en */ = {isa = PBXFileReference; lastKnownFileType = text.plist.strings; name = en; path = en.lproj/InfoPlist.strings; sourceTree = "<group>"; };
		95AD1B67199C402A001F4202 /* main.m */ = {isa = PBXFileReference; lastKnownFileType = sourcecode.c.objc; path = main.m; sourceTree = "<group>"; };
		95AD1B69199C402A001F4202 /* HelloEstimoto-Prefix.pch */ = {isa = PBXFileReference; lastKnownFileType = sourcecode.c.h; path = "HelloEstimoto-Prefix.pch"; sourceTree = "<group>"; };
		95AD1B6A199C402A001F4202 /* MYLAppDelegate.h */ = {isa = PBXFileReference; lastKnownFileType = sourcecode.c.h; path = MYLAppDelegate.h; sourceTree = "<group>"; };
		95AD1B6B199C402A001F4202 /* MYLAppDelegate.m */ = {isa = PBXFileReference; lastKnownFileType = sourcecode.c.objc; path = MYLAppDelegate.m; sourceTree = "<group>"; };
		95AD1B6E199C402A001F4202 /* Base */ = {isa = PBXFileReference; lastKnownFileType = file.storyboard; name = Base; path = Base.lproj/Main.storyboard; sourceTree = "<group>"; };
		95AD1B70199C402A001F4202 /* MYLBeaconListViewController.h */ = {isa = PBXFileReference; lastKnownFileType = sourcecode.c.h; path = MYLBeaconListViewController.h; sourceTree = "<group>"; };
		95AD1B71199C402A001F4202 /* MYLBeaconListViewController.m */ = {isa = PBXFileReference; lastKnownFileType = sourcecode.c.objc; path = MYLBeaconListViewController.m; sourceTree = "<group>"; };
		95AD1B73199C402A001F4202 /* Images.xcassets */ = {isa = PBXFileReference; lastKnownFileType = folder.assetcatalog; path = Images.xcassets; sourceTree = "<group>"; };
		95AD1B79199C402A001F4202 /* HelloEstimotoTests.xctest */ = {isa = PBXFileReference; explicitFileType = wrapper.cfbundle; includeInIndex = 0; path = HelloEstimotoTests.xctest; sourceTree = BUILT_PRODUCTS_DIR; };
		95AD1B7A199C402A001F4202 /* XCTest.framework */ = {isa = PBXFileReference; lastKnownFileType = wrapper.framework; name = XCTest.framework; path = Library/Frameworks/XCTest.framework; sourceTree = DEVELOPER_DIR; };
		95AD1B82199C402A001F4202 /* HelloEstimotoTests-Info.plist */ = {isa = PBXFileReference; lastKnownFileType = text.plist.xml; path = "HelloEstimotoTests-Info.plist"; sourceTree = "<group>"; };
		95AD1B84199C402A001F4202 /* en */ = {isa = PBXFileReference; lastKnownFileType = text.plist.strings; name = en; path = en.lproj/InfoPlist.strings; sourceTree = "<group>"; };
		95AD1B86199C402A001F4202 /* HelloEstimotoTests.m */ = {isa = PBXFileReference; lastKnownFileType = sourcecode.c.objc; path = HelloEstimotoTests.m; sourceTree = "<group>"; };
		95AD1B90199C4151001F4202 /* libEstimoteSDK.a */ = {isa = PBXFileReference; lastKnownFileType = archive.ar; name = libEstimoteSDK.a; path = ../EstimoteProjects/Examples/EstimoteSDK/libEstimoteSDK.a; sourceTree = "<group>"; };
		95AD1B92199C42B8001F4202 /* ESTBeacon.h */ = {isa = PBXFileReference; fileEncoding = 4; lastKnownFileType = sourcecode.c.h; name = ESTBeacon.h; path = ../ESTBeacon.h; sourceTree = "<group>"; };
		95AD1B93199C42B8001F4202 /* ESTBeaconDefinitions.h */ = {isa = PBXFileReference; fileEncoding = 4; lastKnownFileType = sourcecode.c.h; name = ESTBeaconDefinitions.h; path = ../ESTBeaconDefinitions.h; sourceTree = "<group>"; };
		95AD1B94199C42B8001F4202 /* ESTBeaconFirmwareInfoVO.h */ = {isa = PBXFileReference; fileEncoding = 4; lastKnownFileType = sourcecode.c.h; name = ESTBeaconFirmwareInfoVO.h; path = ../ESTBeaconFirmwareInfoVO.h; sourceTree = "<group>"; };
		95AD1B95199C42B8001F4202 /* ESTBeaconFirmwareVO.h */ = {isa = PBXFileReference; fileEncoding = 4; lastKnownFileType = sourcecode.c.h; name = ESTBeaconFirmwareVO.h; path = ../ESTBeaconFirmwareVO.h; sourceTree = "<group>"; };
		95AD1B96199C42B8001F4202 /* ESTBeaconManager.h */ = {isa = PBXFileReference; fileEncoding = 4; lastKnownFileType = sourcecode.c.h; name = ESTBeaconManager.h; path = ../ESTBeaconManager.h; sourceTree = "<group>"; };
		95AD1B97199C42B8001F4202 /* ESTBeaconRegion.h */ = {isa = PBXFileReference; fileEncoding = 4; lastKnownFileType = sourcecode.c.h; name = ESTBeaconRegion.h; path = ../ESTBeaconRegion.h; sourceTree = "<group>"; };
		95AD1B98199C42B8001F4202 /* ESTBeaconVO.h */ = {isa = PBXFileReference; fileEncoding = 4; lastKnownFileType = sourcecode.c.h; name = ESTBeaconVO.h; path = ../ESTBeaconVO.h; sourceTree = "<group>"; };
/* End PBXFileReference section */

/* Begin PBXFrameworksBuildPhase section */
		95AD1B55199C402A001F4202 /* Frameworks */ = {
			isa = PBXFrameworksBuildPhase;
			buildActionMask = 2147483647;
			files = (
				95AD1B91199C4151001F4202 /* libEstimoteSDK.a in Frameworks */,
				95AD1B5E199C402A001F4202 /* CoreGraphics.framework in Frameworks */,
				95AD1B60199C402A001F4202 /* UIKit.framework in Frameworks */,
				95AD1B5C199C402A001F4202 /* Foundation.framework in Frameworks */,
			);
			runOnlyForDeploymentPostprocessing = 0;
		};
		95AD1B76199C402A001F4202 /* Frameworks */ = {
			isa = PBXFrameworksBuildPhase;
			buildActionMask = 2147483647;
			files = (
				95AD1B7B199C402A001F4202 /* XCTest.framework in Frameworks */,
				95AD1B7D199C402A001F4202 /* UIKit.framework in Frameworks */,
				95AD1B7C199C402A001F4202 /* Foundation.framework in Frameworks */,
			);
			runOnlyForDeploymentPostprocessing = 0;
		};
/* End PBXFrameworksBuildPhase section */

/* Begin PBXGroup section */
		95AD1B4F199C402A001F4202 = {
			isa = PBXGroup;
			children = (
				95AD1B61199C402A001F4202 /* HelloEstimoto */,
				95AD1B80199C402A001F4202 /* HelloEstimotoTests */,
				95AD1B5A199C402A001F4202 /* Frameworks */,
				95AD1B59199C402A001F4202 /* Products */,
			);
			sourceTree = "<group>";
		};
		95AD1B59199C402A001F4202 /* Products */ = {
			isa = PBXGroup;
			children = (
				95AD1B58199C402A001F4202 /* HelloEstimoto.app */,
				95AD1B79199C402A001F4202 /* HelloEstimotoTests.xctest */,
			);
			name = Products;
			sourceTree = "<group>";
		};
		95AD1B5A199C402A001F4202 /* Frameworks */ = {
			isa = PBXGroup;
			children = (
				95AD1B90199C4151001F4202 /* libEstimoteSDK.a */,
				95AD1B5B199C402A001F4202 /* Foundation.framework */,
				95AD1B5D199C402A001F4202 /* CoreGraphics.framework */,
				95AD1B5F199C402A001F4202 /* UIKit.framework */,
				95AD1B7A199C402A001F4202 /* XCTest.framework */,
			);
			name = Frameworks;
			sourceTree = "<group>";
		};
		95AD1B61199C402A001F4202 /* HelloEstimoto */ = {
			isa = PBXGroup;
			children = (
				95AD1B6A199C402A001F4202 /* MYLAppDelegate.h */,
				95AD1B6B199C402A001F4202 /* MYLAppDelegate.m */,
				95AD1B6D199C402A001F4202 /* Main.storyboard */,
				95AD1B70199C402A001F4202 /* MYLBeaconListViewController.h */,
				95AD1B71199C402A001F4202 /* MYLBeaconListViewController.m */,
				95AD1B73199C402A001F4202 /* Images.xcassets */,
				95AD1B62199C402A001F4202 /* Supporting Files */,
			);
			path = HelloEstimoto;
			sourceTree = "<group>";
		};
		95AD1B62199C402A001F4202 /* Supporting Files */ = {
			isa = PBXGroup;
			children = (
				95AD1B92199C42B8001F4202 /* ESTBeacon.h */,
				95AD1B93199C42B8001F4202 /* ESTBeaconDefinitions.h */,
				95AD1B94199C42B8001F4202 /* ESTBeaconFirmwareInfoVO.h */,
				95AD1B95199C42B8001F4202 /* ESTBeaconFirmwareVO.h */,
				95AD1B96199C42B8001F4202 /* ESTBeaconManager.h */,
				95AD1B97199C42B8001F4202 /* ESTBeaconRegion.h */,
				95AD1B98199C42B8001F4202 /* ESTBeaconVO.h */,
				95AD1B63199C402A001F4202 /* HelloEstimoto-Info.plist */,
				95AD1B64199C402A001F4202 /* InfoPlist.strings */,
				95AD1B67199C402A001F4202 /* main.m */,
				95AD1B69199C402A001F4202 /* HelloEstimoto-Prefix.pch */,
			);
			name = "Supporting Files";
			sourceTree = "<group>";
		};
		95AD1B80199C402A001F4202 /* HelloEstimotoTests */ = {
			isa = PBXGroup;
			children = (
				95AD1B86199C402A001F4202 /* HelloEstimotoTests.m */,
				95AD1B81199C402A001F4202 /* Supporting Files */,
			);
			path = HelloEstimotoTests;
			sourceTree = "<group>";
		};
		95AD1B81199C402A001F4202 /* Supporting Files */ = {
			isa = PBXGroup;
			children = (
				95AD1B82199C402A001F4202 /* HelloEstimotoTests-Info.plist */,
				95AD1B83199C402A001F4202 /* InfoPlist.strings */,
			);
			name = "Supporting Files";
			sourceTree = "<group>";
		};
/* End PBXGroup section */

/* Begin PBXNativeTarget section */
		95AD1B57199C402A001F4202 /* HelloEstimoto */ = {
			isa = PBXNativeTarget;
			buildConfigurationList = 95AD1B8A199C402A001F4202 /* Build configuration list for PBXNativeTarget "HelloEstimoto" */;
			buildPhases = (
				95AD1B54199C402A001F4202 /* Sources */,
				95AD1B55199C402A001F4202 /* Frameworks */,
				95AD1B56199C402A001F4202 /* Resources */,
			);
			buildRules = (
			);
			dependencies = (
			);
			name = HelloEstimoto;
			productName = HelloEstimoto;
			productReference = 95AD1B58199C402A001F4202 /* HelloEstimoto.app */;
			productType = "com.apple.product-type.application";
		};
		95AD1B78199C402A001F4202 /* HelloEstimotoTests */ = {
			isa = PBXNativeTarget;
			buildConfigurationList = 95AD1B8D199C402A001F4202 /* Build configuration list for PBXNativeTarget "HelloEstimotoTests" */;
			buildPhases = (
				95AD1B75199C402A001F4202 /* Sources */,
				95AD1B76199C402A001F4202 /* Frameworks */,
				95AD1B77199C402A001F4202 /* Resources */,
			);
			buildRules = (
			);
			dependencies = (
				95AD1B7F199C402A001F4202 /* PBXTargetDependency */,
			);
			name = HelloEstimotoTests;
			productName = HelloEstimotoTests;
			productReference = 95AD1B79199C402A001F4202 /* HelloEstimotoTests.xctest */;
			productType = "com.apple.product-type.bundle.unit-test";
		};
/* End PBXNativeTarget section */

/* Begin PBXProject section */
		95AD1B50199C402A001F4202 /* Project object */ = {
			isa = PBXProject;
			attributes = {
				CLASSPREFIX = MYL;
				LastUpgradeCheck = 0510;
				ORGANIZATIONNAME = "Appivot LLC";
				TargetAttributes = {
					95AD1B78199C402A001F4202 = {
						TestTargetID = 95AD1B57199C402A001F4202;
					};
				};
			};
			buildConfigurationList = 95AD1B53199C402A001F4202 /* Build configuration list for PBXProject "HelloEstimoto" */;
			compatibilityVersion = "Xcode 3.2";
			developmentRegion = English;
			hasScannedForEncodings = 0;
			knownRegions = (
				en,
				Base,
			);
			mainGroup = 95AD1B4F199C402A001F4202;
			productRefGroup = 95AD1B59199C402A001F4202 /* Products */;
			projectDirPath = "";
			projectRoot = "";
			targets = (
				95AD1B57199C402A001F4202 /* HelloEstimoto */,
				95AD1B78199C402A001F4202 /* HelloEstimotoTests */,
			);
		};
/* End PBXProject section */

/* Begin PBXResourcesBuildPhase section */
		95AD1B56199C402A001F4202 /* Resources */ = {
			isa = PBXResourcesBuildPhase;
			buildActionMask = 2147483647;
			files = (
				95AD1B74199C402A001F4202 /* Images.xcassets in Resources */,
				95AD1B66199C402A001F4202 /* InfoPlist.strings in Resources */,
				95AD1B6F199C402A001F4202 /* Main.storyboard in Resources */,
			);
			runOnlyForDeploymentPostprocessing = 0;
		};
		95AD1B77199C402A001F4202 /* Resources */ = {
			isa = PBXResourcesBuildPhase;
			buildActionMask = 2147483647;
			files = (
				95AD1B85199C402A001F4202 /* InfoPlist.strings in Resources */,
			);
			runOnlyForDeploymentPostprocessing = 0;
		};
/* End PBXResourcesBuildPhase section */

/* Begin PBXSourcesBuildPhase section */
		95AD1B54199C402A001F4202 /* Sources */ = {
			isa = PBXSourcesBuildPhase;
			buildActionMask = 2147483647;
			files = (
				95AD1B68199C402A001F4202 /* main.m in Sources */,
				95AD1B72199C402A001F4202 /* MYLBeaconListViewController.m in Sources */,
				95AD1B6C199C402A001F4202 /* MYLAppDelegate.m in Sources */,
			);
			runOnlyForDeploymentPostprocessing = 0;
		};
		95AD1B75199C402A001F4202 /* Sources */ = {
			isa = PBXSourcesBuildPhase;
			buildActionMask = 2147483647;
			files = (
				95AD1B87199C402A001F4202 /* HelloEstimotoTests.m in Sources */,
			);
			runOnlyForDeploymentPostprocessing = 0;
		};
/* End PBXSourcesBuildPhase section */

/* Begin PBXTargetDependency section */
		95AD1B7F199C402A001F4202 /* PBXTargetDependency */ = {
			isa = PBXTargetDependency;
			target = 95AD1B57199C402A001F4202 /* HelloEstimoto */;
			targetProxy = 95AD1B7E199C402A001F4202 /* PBXContainerItemProxy */;
		};
/* End PBXTargetDependency section */

/* Begin PBXVariantGroup section */
		95AD1B64199C402A001F4202 /* InfoPlist.strings */ = {
			isa = PBXVariantGroup;
			children = (
				95AD1B65199C402A001F4202 /* en */,
			);
			name = InfoPlist.strings;
			sourceTree = "<group>";
		};
		95AD1B6D199C402A001F4202 /* Main.storyboard */ = {
			isa = PBXVariantGroup;
			children = (
				95AD1B6E199C402A001F4202 /* Base */,
			);
			name = Main.storyboard;
			sourceTree = "<group>";
		};
		95AD1B83199C402A001F4202 /* InfoPlist.strings */ = {
			isa = PBXVariantGroup;
			children = (
				95AD1B84199C402A001F4202 /* en */,
			);
			name = InfoPlist.strings;
			sourceTree = "<group>";
		};
/* End PBXVariantGroup section */

/* Begin XCBuildConfiguration section */
		95AD1B88199C402A001F4202 /* Debug */ = {
			isa = XCBuildConfiguration;
			buildSettings = {
				ALWAYS_SEARCH_USER_PATHS = NO;
				CLANG_CXX_LANGUAGE_STANDARD = "gnu++0x";
				CLANG_CXX_LIBRARY = "libc++";
				CLANG_ENABLE_MODULES = YES;
				CLANG_ENABLE_OBJC_ARC = YES;
				CLANG_WARN_BOOL_CONVERSION = YES;
				CLANG_WARN_CONSTANT_CONVERSION = YES;
				CLANG_WARN_DIRECT_OBJC_ISA_USAGE = YES_ERROR;
				CLANG_WARN_EMPTY_BODY = YES;
				CLANG_WARN_ENUM_CONVERSION = YES;
				CLANG_WARN_INT_CONVERSION = YES;
				CLANG_WARN_OBJC_ROOT_CLASS = YES_ERROR;
				CLANG_WARN__DUPLICATE_METHOD_MATCH = YES;
				"CODE_SIGN_IDENTITY[sdk=iphoneos*]" = "iPhone Developer";
				COPY_PHASE_STRIP = NO;
				GCC_C_LANGUAGE_STANDARD = gnu99;
				GCC_DYNAMIC_NO_PIC = NO;
				GCC_OPTIMIZATION_LEVEL = 0;
				GCC_PREPROCESSOR_DEFINITIONS = (
					"DEBUG=1",
					"$(inherited)",
				);
				GCC_SYMBOLS_PRIVATE_EXTERN = NO;
				GCC_WARN_64_TO_32_BIT_CONVERSION = YES;
				GCC_WARN_ABOUT_RETURN_TYPE = YES_ERROR;
				GCC_WARN_UNDECLARED_SELECTOR = YES;
				GCC_WARN_UNINITIALIZED_AUTOS = YES_AGGRESSIVE;
				GCC_WARN_UNUSED_FUNCTION = YES;
				GCC_WARN_UNUSED_VARIABLE = YES;
				IPHONEOS_DEPLOYMENT_TARGET = 7.1;
				ONLY_ACTIVE_ARCH = YES;
				SDKROOT = iphoneos;
			};
			name = Debug;
		};
		95AD1B89199C402A001F4202 /* Release */ = {
			isa = XCBuildConfiguration;
			buildSettings = {
				ALWAYS_SEARCH_USER_PATHS = NO;
				CLANG_CXX_LANGUAGE_STANDARD = "gnu++0x";
				CLANG_CXX_LIBRARY = "libc++";
				CLANG_ENABLE_MODULES = YES;
				CLANG_ENABLE_OBJC_ARC = YES;
				CLANG_WARN_BOOL_CONVERSION = YES;
				CLANG_WARN_CONSTANT_CONVERSION = YES;
				CLANG_WARN_DIRECT_OBJC_ISA_USAGE = YES_ERROR;
				CLANG_WARN_EMPTY_BODY = YES;
				CLANG_WARN_ENUM_CONVERSION = YES;
				CLANG_WARN_INT_CONVERSION = YES;
				CLANG_WARN_OBJC_ROOT_CLASS = YES_ERROR;
				CLANG_WARN__DUPLICATE_METHOD_MATCH = YES;
				"CODE_SIGN_IDENTITY[sdk=iphoneos*]" = "iPhone Developer";
				COPY_PHASE_STRIP = YES;
				ENABLE_NS_ASSERTIONS = NO;
				GCC_C_LANGUAGE_STANDARD = gnu99;
				GCC_WARN_64_TO_32_BIT_CONVERSION = YES;
				GCC_WARN_ABOUT_RETURN_TYPE = YES_ERROR;
				GCC_WARN_UNDECLARED_SELECTOR = YES;
				GCC_WARN_UNINITIALIZED_AUTOS = YES_AGGRESSIVE;
				GCC_WARN_UNUSED_FUNCTION = YES;
				GCC_WARN_UNUSED_VARIABLE = YES;
				IPHONEOS_DEPLOYMENT_TARGET = 7.1;
				SDKROOT = iphoneos;
				VALIDATE_PRODUCT = YES;
			};
			name = Release;
		};
		95AD1B8B199C402A001F4202 /* Debug */ = {
			isa = XCBuildConfiguration;
			buildSettings = {
				ASSETCATALOG_COMPILER_APPICON_NAME = AppIcon;
				ASSETCATALOG_COMPILER_LAUNCHIMAGE_NAME = LaunchImage;
				GCC_PRECOMPILE_PREFIX_HEADER = YES;
				GCC_PREFIX_HEADER = "HelloEstimoto/HelloEstimoto-Prefix.pch";
				INFOPLIST_FILE = "HelloEstimoto/HelloEstimoto-Info.plist";
				LIBRARY_SEARCH_PATHS = (
					"$(inherited)",
					/Users/Dennis/DevRamp/appivot/learn/EstimoteProjects/Examples/EstimoteSDK,
				);
				PRODUCT_NAME = "$(TARGET_NAME)";
				WRAPPER_EXTENSION = app;
			};
			name = Debug;
		};
		95AD1B8C199C402A001F4202 /* Release */ = {
			isa = XCBuildConfiguration;
			buildSettings = {
				ASSETCATALOG_COMPILER_APPICON_NAME = AppIcon;
				ASSETCATALOG_COMPILER_LAUNCHIMAGE_NAME = LaunchImage;
				GCC_PRECOMPILE_PREFIX_HEADER = YES;
				GCC_PREFIX_HEADER = "HelloEstimoto/HelloEstimoto-Prefix.pch";
				INFOPLIST_FILE = "HelloEstimoto/HelloEstimoto-Info.plist";
				LIBRARY_SEARCH_PATHS = (
					"$(inherited)",
					/Users/Dennis/DevRamp/appivot/learn/EstimoteProjects/Examples/EstimoteSDK,
				);
				PRODUCT_NAME = "$(TARGET_NAME)";
				WRAPPER_EXTENSION = app;
			};
			name = Release;
		};
		95AD1B8E199C402A001F4202 /* Debug */ = {
			isa = XCBuildConfiguration;
			buildSettings = {
				BUNDLE_LOADER = "$(BUILT_PRODUCTS_DIR)/HelloEstimoto.app/HelloEstimoto";
				FRAMEWORK_SEARCH_PATHS = (
					"$(SDKROOT)/Developer/Library/Frameworks",
					"$(inherited)",
					"$(DEVELOPER_FRAMEWORKS_DIR)",
				);
				GCC_PRECOMPILE_PREFIX_HEADER = YES;
				GCC_PREFIX_HEADER = "HelloEstimoto/HelloEstimoto-Prefix.pch";
				GCC_PREPROCESSOR_DEFINITIONS = (
					"DEBUG=1",
					"$(inherited)",
				);
				INFOPLIST_FILE = "HelloEstimotoTests/HelloEstimotoTests-Info.plist";
				PRODUCT_NAME = "$(TARGET_NAME)";
				TEST_HOST = "$(BUNDLE_LOADER)";
				WRAPPER_EXTENSION = xctest;
			};
			name = Debug;
		};
		95AD1B8F199C402A001F4202 /* Release */ = {
			isa = XCBuildConfiguration;
			buildSettings = {
				BUNDLE_LOADER = "$(BUILT_PRODUCTS_DIR)/HelloEstimoto.app/HelloEstimoto";
				FRAMEWORK_SEARCH_PATHS = (
					"$(SDKROOT)/Developer/Library/Frameworks",
					"$(inherited)",
					"$(DEVELOPER_FRAMEWORKS_DIR)",
				);
				GCC_PRECOMPILE_PREFIX_HEADER = YES;
				GCC_PREFIX_HEADER = "HelloEstimoto/HelloEstimoto-Prefix.pch";
				INFOPLIST_FILE = "HelloEstimotoTests/HelloEstimotoTests-Info.plist";
				PRODUCT_NAME = "$(TARGET_NAME)";
				TEST_HOST = "$(BUNDLE_LOADER)";
				WRAPPER_EXTENSION = xctest;
			};
			name = Release;
		};
/* End XCBuildConfiguration section */

/* Begin XCConfigurationList section */
		95AD1B53199C402A001F4202 /* Build configuration list for PBXProject "HelloEstimoto" */ = {
			isa = XCConfigurationList;
			buildConfigurations = (
				95AD1B88199C402A001F4202 /* Debug */,
				95AD1B89199C402A001F4202 /* Release */,
			);
			defaultConfigurationIsVisible = 0;
			defaultConfigurationName = Release;
		};
		95AD1B8A199C402A001F4202 /* Build configuration list for PBXNativeTarget "HelloEstimoto" */ = {
			isa = XCConfigurationList;
			buildConfigurations = (
				95AD1B8B199C402A001F4202 /* Debug */,
				95AD1B8C199C402A001F4202 /* Release */,
			);
			defaultConfigurationIsVisible = 0;
		};
		95AD1B8D199C402A001F4202 /* Build configuration list for PBXNativeTarget "HelloEstimotoTests" */ = {
			isa = XCConfigurationList;
			buildConfigurations = (
				95AD1B8E199C402A001F4202 /* Debug */,
				95AD1B8F199C402A001F4202 /* Release */,
			);
			defaultConfigurationIsVisible = 0;
		};
/* End XCConfigurationList section */
	};
	rootObject = 95AD1B50199C402A001F4202 /* Project object */;
}
